
Microsoft Visual Studio Solution File, Format Version 12.00
# Visual Studio Version 17
VisualStudioVersion = 17.0.31903.59
MinimumVisualStudioVersion = 10.0.40219.1
Project("{FAE04EC0-301F-11D3-BF4B-00C04F79EFBC}") = "Bulky", "Bulky\Bulky.csproj", "{9913DEFB-1033-49F4-8149-CE4BAF479CBA}"
EndProject
Project("{FAE04EC0-301F-11D3-BF4B-00C04F79EFBC}") = "Bulky.DataAccess", "Bulky.DataAccess\Bulky.DataAccess.csproj", "{A8B6AF50-C5F8-49A3-874C-DA8BC5365F79}"
EndProject
Project("{FAE04EC0-301F-11D3-BF4B-00C04F79EFBC}") = "Bulky.Models", "Bulky.Models\Bulky.Models.csproj", "{CADBF01E-9ACC-4011-BBC9-9C70A3EBB3B8}"
EndProject
Project("{FAE04EC0-301F-11D3-BF4B-00C04F79EFBC}") = "Bulky.Utility", "Bulky.Utility\Bulky.Utility.csproj", "{170D1085-72E6-4DBB-83C7-5BFA22B6267C}"
EndProject
Global
	GlobalSection(SolutionConfigurationPlatforms) = preSolution
		Debug|Any CPU = Debug|Any CPU
		Debug|x64 = Debug|x64
		Debug|x86 = Debug|x86
		Release|Any CPU = Release|Any CPU
		Release|x64 = Release|x64
		Release|x86 = Release|x86
	EndGlobalSection
	GlobalSection(ProjectConfigurationPlatforms) = postSolution
		{9913DEFB-1033-49F4-8149-CE4BAF479CBA}.Debug|Any CPU.ActiveCfg = Debug|Any CPU
		{9913DEFB-1033-49F4-8149-CE4BAF479CBA}.Debug|Any CPU.Build.0 = Debug|Any CPU
		{9913DEFB-1033-49F4-8149-CE4BAF479CBA}.Debug|x64.ActiveCfg = Debug|Any CPU
		{9913DEFB-1033-49F4-8149-CE4BAF479CBA}.Debug|x64.Build.0 = Debug|Any CPU
		{9913DEFB-1033-49F4-8149-CE4BAF479CBA}.Debug|x86.ActiveCfg = Debug|Any CPU
		{9913DEFB-1033-49F4-8149-CE4BAF479CBA}.Debug|x86.Build.0 = Debug|Any CPU
		{9913DEFB-1033-49F4-8149-CE4BAF479CBA}.Release|Any CPU.ActiveCfg = Release|Any CPU
		{9913DEFB-1033-49F4-8149-CE4BAF479CBA}.Release|Any CPU.Build.0 = Release|Any CPU
		{9913DEFB-1033-49F4-8149-CE4BAF479CBA}.Release|x64.ActiveCfg = Release|Any CPU
		{9913DEFB-1033-49F4-8149-CE4BAF479CBA}.Release|x64.Build.0 = Release|Any CPU
		{9913DEFB-1033-49F4-8149-CE4BAF479CBA}.Release|x86.ActiveCfg = Release|Any CPU
		{9913DEFB-1033-49F4-8149-CE4BAF479CBA}.Release|x86.Build.0 = Release|Any CPU
		{A8B6AF50-C5F8-49A3-874C-DA8BC5365F79}.Debug|Any CPU.ActiveCfg = Debug|Any CPU
		{A8B6AF50-C5F8-49A3-874C-DA8BC5365F79}.Debug|Any CPU.Build.0 = Debug|Any CPU
		{A8B6AF50-C5F8-49A3-874C-DA8BC5365F79}.Debug|x64.ActiveCfg = Debug|Any CPU
		{A8B6AF50-C5F8-49A3-874C-DA8BC5365F79}.Debug|x64.Build.0 = Debug|Any CPU
		{A8B6AF50-C5F8-49A3-874C-DA8BC5365F79}.Debug|x86.ActiveCfg = Debug|Any CPU
		{A8B6AF50-C5F8-49A3-874C-DA8BC5365F79}.Debug|x86.Build.0 = Debug|Any CPU
		{A8B6AF50-C5F8-49A3-874C-DA8BC5365F79}.Release|Any CPU.ActiveCfg = Release|Any CPU
		{A8B6AF50-C5F8-49A3-874C-DA8BC5365F79}.Release|Any CPU.Build.0 = Release|Any CPU
		{A8B6AF50-C5F8-49A3-874C-DA8BC5365F79}.Release|x64.ActiveCfg = Release|Any CPU
		{A8B6AF50-C5F8-49A3-874C-DA8BC5365F79}.Release|x64.Build.0 = Release|Any CPU
		{A8B6AF50-C5F8-49A3-874C-DA8BC5365F79}.Release|x86.ActiveCfg = Release|Any CPU
		{A8B6AF50-C5F8-49A3-874C-DA8BC5365F79}.Release|x86.Build.0 = Release|Any CPU
		{CADBF01E-9ACC-4011-BBC9-9C70A3EBB3B8}.Debug|Any CPU.ActiveCfg = Debug|Any CPU
		{CADBF01E-9ACC-4011-BBC9-9C70A3EBB3B8}.Debug|Any CPU.Build.0 = Debug|Any CPU
		{CADBF01E-9ACC-4011-BBC9-9C70A3EBB3B8}.Debug|x64.ActiveCfg = Debug|Any CPU
		{CADBF01E-9ACC-4011-BBC9-9C70A3EBB3B8}.Debug|x64.Build.0 = Debug|Any CPU
		{CADBF01E-9ACC-4011-BBC9-9C70A3EBB3B8}.Debug|x86.ActiveCfg = Debug|Any CPU
		{CADBF01E-9ACC-4011-BBC9-9C70A3EBB3B8}.Debug|x86.Build.0 = Debug|Any CPU
		{CADBF01E-9ACC-4011-BBC9-9C70A3EBB3B8}.Release|Any CPU.ActiveCfg = Release|Any CPU
		{CADBF01E-9ACC-4011-BBC9-9C70A3EBB3B8}.Release|Any CPU.Build.0 = Release|Any CPU
		{CADBF01E-9ACC-4011-BBC9-9C70A3EBB3B8}.Release|x64.ActiveCfg = Release|Any CPU
		{CADBF01E-9ACC-4011-BBC9-9C70A3EBB3B8}.Release|x64.Build.0 = Release|Any CPU
		{CADBF01E-9ACC-4011-BBC9-9C70A3EBB3B8}.Release|x86.ActiveCfg = Release|Any CPU
		{CADBF01E-9ACC-4011-BBC9-9C70A3EBB3B8}.Release|x86.Build.0 = Release|Any CPU
		{170D1085-72E6-4DBB-83C7-5BFA22B6267C}.Debug|Any CPU.ActiveCfg = Debug|Any CPU
		{170D1085-72E6-4DBB-83C7-5BFA22B6267C}.Debug|Any CPU.Build.0 = Debug|Any CPU
		{170D1085-72E6-4DBB-83C7-5BFA22B6267C}.Debug|x64.ActiveCfg = Debug|Any CPU
		{170D1085-72E6-4DBB-83C7-5BFA22B6267C}.Debug|x64.Build.0 = Debug|Any CPU
		{170D1085-72E6-4DBB-83C7-5BFA22B6267C}.Debug|x86.ActiveCfg = Debug|Any CPU
		{170D1085-72E6-4DBB-83C7-5BFA22B6267C}.Debug|x86.Build.0 = Debug|Any CPU
		{170D1085-72E6-4DBB-83C7-5BFA22B6267C}.Release|Any CPU.ActiveCfg = Release|Any CPU
		{170D1085-72E6-4DBB-83C7-5BFA22B6267C}.Release|Any CPU.Build.0 = Release|Any CPU
		{170D1085-72E6-4DBB-83C7-5BFA22B6267C}.Release|x64.ActiveCfg = Release|Any CPU
		{170D1085-72E6-4DBB-83C7-5BFA22B6267C}.Release|x64.Build.0 = Release|Any CPU
		{170D1085-72E6-4DBB-83C7-5BFA22B6267C}.Release|x86.ActiveCfg = Release|Any CPU
		{170D1085-72E6-4DBB-83C7-5BFA22B6267C}.Release|x86.Build.0 = Release|Any CPU
	EndGlobalSection
	GlobalSection(SolutionProperties) = preSolution
		HideSolutionNode = FALSE
	EndGlobalSection
EndGlobal
